// !$*UTF8*$!
{
	archiveVersion = 1;
	classes = {
	};
	objectVersion = 46;
	objects = {

/* Begin PBXBuildFile section */
		040638CA1EEC87D700CADE7C /* AppDelegate.swift in Sources */ = {isa = PBXBuildFile; fileRef = 040638C91EEC87D700CADE7C /* AppDelegate.swift */; };
		040638CC1EEC87D700CADE7C /* ViewController.swift in Sources */ = {isa = PBXBuildFile; fileRef = 040638CB1EEC87D700CADE7C /* ViewController.swift */; };
		040638CF1EEC87D700CADE7C /* Main.storyboard in Resources */ = {isa = PBXBuildFile; fileRef = 040638CD1EEC87D700CADE7C /* Main.storyboard */; };
		040638D11EEC87D700CADE7C /* Assets.xcassets in Resources */ = {isa = PBXBuildFile; fileRef = 040638D01EEC87D700CADE7C /* Assets.xcassets */; };
		040638D41EEC87D700CADE7C /* LaunchScreen.storyboard in Resources */ = {isa = PBXBuildFile; fileRef = 040638D21EEC87D700CADE7C /* LaunchScreen.storyboard */; };
/* End PBXBuildFile section */

/* Begin PBXFileReference section */
		040638C61EEC87D700CADE7C /* MultipleTableviewCellFirebase.app */ = {isa = PBXFileReference; explicitFileType = wrapper.application; includeInIndex = 0; path = MultipleTableviewCellFirebase.app; sourceTree = BUILT_PRODUCTS_DIR; };
		040638C91EEC87D700CADE7C /* AppDelegate.swift */ = {isa = PBXFileReference; lastKnownFileType = sourcecode.swift; path = AppDelegate.swift; sourceTree = "<group>"; };
		040638CB1EEC87D700CADE7C /* ViewController.swift */ = {isa = PBXFileReference; lastKnownFileType = sourcecode.swift; path = ViewController.swift; sourceTree = "<group>"; };
		040638CE1EEC87D700CADE7C /* Base */ = {isa = PBXFileReference; lastKnownFileType = file.storyboard; name = Base; path = Base.lproj/Main.storyboard; sourceTree = "<group>"; };
		040638D01EEC87D700CADE7C /* Assets.xcassets */ = {isa = PBXFileReference; lastKnownFileType = folder.assetcatalog; path = Assets.xcassets; sourceTree = "<group>"; };
		040638D31EEC87D700CADE7C /* Base */ = {isa = PBXFileReference; lastKnownFileType = file.storyboard; name = Base; path = Base.lproj/LaunchScreen.storyboard; sourceTree = "<group>"; };
		040638D51EEC87D700CADE7C /* Info.plist */ = {isa = PBXFileReference; lastKnownFileType = text.plist.xml; path = Info.plist; sourceTree = "<group>"; };
/* End PBXFileReference section */

/* Begin PBXFrameworksBuildPhase section */
		040638C31EEC87D700CADE7C /* Frameworks */ = {
			isa = PBXFrameworksBuildPhase;
			buildActionMask = 2147483647;
			files = (
			);
			runOnlyForDeploymentPostprocessing = 0;
		};
/* End PBXFrameworksBuildPhase section */

/* Begin PBXGroup section */
		040638BD1EEC87D700CADE7C = {
			isa = PBXGroup;
			children = (
				040638C81EEC87D700CADE7C /* MultipleTableviewCellFirebase */,
				040638C71EEC87D700CADE7C /* Products */,
			);
			sourceTree = "<group>";
		};
		040638C71EEC87D700CADE7C /* Products */ = {
			isa = PBXGroup;
			children = (
				040638C61EEC87D700CADE7C /* MultipleTableviewCellFirebase.app */,
			);
			name = Products;
			sourceTree = "<group>";
		};
		040638C81EEC87D700CADE7C /* MultipleTableviewCellFirebase */ = {
			isa = PBXGroup;
			children = (
				040638C91EEC87D700CADE7C /* AppDelegate.swift */,
				040638CB1EEC87D700CADE7C /* ViewController.swift */,
				040638CD1EEC87D700CADE7C /* Main.storyboard */,
				040638D01EEC87D700CADE7C /* Assets.xcassets */,
				040638D21EEC87D700CADE7C /* LaunchScreen.storyboard */,
				040638D51EEC87D700CADE7C /* Info.plist */,
			);
			path = MultipleTableviewCellFirebase;
			sourceTree = "<group>";
		};
/* End PBXGroup section */

/* Begin PBXNativeTarget section */
		040638C51EEC87D700CADE7C /* MultipleTableviewCellFirebase */ = {
			isa = PBXNativeTarget;
			buildConfigurationList = 040638D81EEC87D700CADE7C /* Build configuration list for PBXNativeTarget "MultipleTableviewCellFirebase" */;
			buildPhases = (
				040638C21EEC87D700CADE7C /* Sources */,
				040638C31EEC87D700CADE7C /* Frameworks */,
				040638C41EEC87D700CADE7C /* Resources */,
			);
			buildRules = (
			);
			dependencies = (
			);
			name = MultipleTableviewCellFirebase;
			productName = MultipleTableviewCellFirebase;
			productReference = 040638C61EEC87D700CADE7C /* MultipleTableviewCellFirebase.app */;
			productType = "com.apple.product-type.application";
		};
/* End PBXNativeTarget section */

/* Begin PBXProject section */
		040638BE1EEC87D700CADE7C /* Project object */ = {
			isa = PBXProject;
			attributes = {
				LastSwiftUpdateCheck = 0830;
				LastUpgradeCheck = 0830;
				ORGANIZATIONNAME = Mac;
				TargetAttributes = {
					040638C51EEC87D700CADE7C = {
						CreatedOnToolsVersion = 8.3.2;
						DevelopmentTeam = VJGEDW5SA9;
						ProvisioningStyle = Automatic;
					};
				};
			};
			buildConfigurationList = 040638C11EEC87D700CADE7C /* Build configuration list for PBXProject "MultipleTableviewCellFirebase" */;
			compatibilityVersion = "Xcode 3.2";
			developmentRegion = English;
			hasScannedForEncodings = 0;
			knownRegions = (
				en,
				Base,
			);
			mainGroup = 040638BD1EEC87D700CADE7C;
			productRefGroup = 040638C71EEC87D700CADE7C /* Products */;
			projectDirPath = "";
			projectRoot = "";
			targets = (
				040638C51EEC87D700CADE7C /* MultipleTableviewCellFirebase */,
			);
		};
/* End PBXProject section */

/* Begin PBXResourcesBuildPhase section */
		040638C41EEC87D700CADE7C /* Resources */ = {
			isa = PBXResourcesBuildPhase;
			buildActionMask = 2147483647;
			files = (
				040638D41EEC87D700CADE7C /* LaunchScreen.storyboard in Resources */,
				040638D11EEC87D700CADE7C /* Assets.xcassets in Resources */,
				040638CF1EEC87D700CADE7C /* Main.storyboard in Resources */,
			);
			runOnlyForDeploymentPostprocessing = 0;
		};
/* End PBXResourcesBuildPhase section */

/* Begin PBXSourcesBuildPhase section */
		040638C21EEC87D700CADE7C /* Sources */ = {
			isa = PBXSourcesBuildPhase;
			buildActionMask = 2147483647;
			files = (
				040638CC1EEC87D700CADE7C /* ViewController.swift in Sources */,
				040638CA1EEC87D700CADE7C /* AppDelegate.swift in Sources */,
			);
			runOnlyForDeploymentPostprocessing = 0;
		};
/* End PBXSourcesBuildPhase section */

/* Begin PBXVariantGroup section */
		040638CD1EEC87D700CADE7C /* Main.storyboard */ = {
			isa = PBXVariantGroup;
			children = (
				040638CE1EEC87D700CADE7C /* Base */,
			);
			name = Main.storyboard;
			sourceTree = "<group>";
		};
		040638D21EEC87D700CADE7C /* LaunchScreen.storyboard */ = {
			isa = PBXVariantGroup;
			children = (
				040638D31EEC87D700CADE7C /* Base */,
			);
			name = LaunchScreen.storyboard;
			sourceTree = "<group>";
		};
/* End PBXVariantGroup section */

/* Begin XCBuildConfiguration section */
		040638D61EEC87D700CADE7C /* Debug */ = {
			isa = XCBuildConfiguration;
			buildSettings = {
				ALWAYS_SEARCH_USER_PATHS = NO;
				CLANG_ANALYZER_NONNULL = YES;
				CLANG_ANALYZER_NUMBER_OBJECT_CONVERSION = YES_AGGRESSIVE;
				CLANG_CXX_LANGUAGE_STANDARD = "gnu++0x";
				CLANG_CXX_LIBRARY = "libc++";
				CLANG_ENABLE_MODULES = YES;
				CLANG_ENABLE_OBJC_ARC = YES;
				CLANG_WARN_BOOL_CONVERSION = YES;
				CLANG_WARN_CONSTANT_CONVERSION = YES;
				CLANG_WARN_DIRECT_OBJC_ISA_USAGE = YES_ERROR;
				CLANG_WARN_DOCUMENTATION_COMMENTS = YES;
				CLANG_WARN_EMPTY_BODY = YES;
				CLANG_WARN_ENUM_CONVERSION = YES;
				CLANG_WARN_INFINITE_RECURSION = YES;
				CLANG_WARN_INT_CONVERSION = YES;
				CLANG_WARN_OBJC_ROOT_CLASS = YES_ERROR;
				CLANG_WARN_SUSPICIOUS_MOVE = YES;
				CLANG_WARN_UNREACHABLE_CODE = YES;
				CLANG_WARN__DUPLICATE_METHOD_MATCH = YES;
				"CODE_SIGN_IDENTITY[sdk=iphoneos*]" = "iPhone Developer";
				COPY_PHASE_STRIP = NO;
				DEBUG_INFORMATION_FORMAT = dwarf;
				ENABLE_STRICT_OBJC_MSGSEND = YES;
				ENABLE_TESTABILITY = YES;
				GCC_C_LANGUAGE_STANDARD = gnu99;
				GCC_DYNAMIC_NO_PIC = NO;
				GCC_NO_COMMON_BLOCKS = YES;
				GCC_OPTIMIZATION_LEVEL = 0;
				GCC_PREPROCESSOR_DEFINITIONS = (
					"DEBUG=1",
					"$(inherited)",
				);
				GCC_WARN_64_TO_32_BIT_CONVERSION = YES;
				GCC_WARN_ABOUT_RETURN_TYPE = YES_ERROR;
				GCC_WARN_UNDECLARED_SELECTOR = YES;
				GCC_WARN_UNINITIALIZED_AUTOS = YES_AGGRESSIVE;
				GCC_WARN_UNUSED_FUNCTION = YES;
				GCC_WARN_UNUSED_VARIABLE = YES;
				IPHONEOS_DEPLOYMENT_TARGET = 10.3;
				MTL_ENABLE_DEBUG_INFO = YES;
				ONLY_ACTIVE_ARCH = YES;
				SDKROOT = iphoneos;
				SWIFT_ACTIVE_COMPILATION_CONDITIONS = DEBUG;
				SWIFT_OPTIMIZATION_LEVEL = "-Onone";
				TARGETED_DEVICE_FAMILY = "1,2";
			};
			name = Debug;
		};
		040638D71EEC87D700CADE7C /* Release */ = {
			isa = XCBuildConfiguration;
			buildSettings = {
				ALWAYS_SEARCH_USER_PATHS = NO;
				CLANG_ANALYZER_NONNULL = YES;
				CLANG_ANALYZER_NUMBER_OBJECT_CONVERSION = YES_AGGRESSIVE;
				CLANG_CXX_LANGUAGE_STANDARD = "gnu++0x";
				CLANG_CXX_LIBRARY = "libc++";
				CLANG_ENABLE_MODULES = YES;
				CLANG_ENABLE_OBJC_ARC = YES;
				CLANG_WARN_BOOL_CONVERSION = YES;
				CLANG_WARN_CONSTANT_CONVERSION = YES;
				CLANG_WARN_DIRECT_OBJC_ISA_USAGE = YES_ERROR;
				CLANG_WARN_DOCUMENTATION_COMMENTS = YES;
				CLANG_WARN_EMPTY_BODY = YES;
				CLANG_WARN_ENUM_CONVERSION = YES;
				CLANG_WARN_INFINITE_RECURSION = YES;
				CLANG_WARN_INT_CONVERSION = YES;
				CLANG_WARN_OBJC_ROOT_CLASS = YES_ERROR;
				CLANG_WARN_SUSPICIOUS_MOVE = YES;
				CLANG_WARN_UNREACHABLE_CODE = YES;
				CLANG_WARN__DUPLICATE_METHOD_MATCH = YES;
				"CODE_SIGN_IDENTITY[sdk=iphoneos*]" = "iPhone Developer";
				COPY_PHASE_STRIP = NO;
				DEBUG_INFORMATION_FORMAT = "dwarf-with-dsym";
				ENABLE_NS_ASSERTIONS = NO;
				ENABLE_STRICT_OBJC_MSGSEND = YES;
				GCC_C_LANGUAGE_STANDARD = gnu99;
				GCC_NO_COMMON_BLOCKS = YES;
				GCC_WARN_64_TO_32_BIT_CONVERSION = YES;
				GCC_WARN_ABOUT_RETURN_TYPE = YES_ERROR;
				GCC_WARN_UNDECLARED_SELECTOR = YES;
				GCC_WARN_UNINITIALIZED_AUTOS = YES_AGGRESSIVE;
				GCC_WARN_UNUSED_FUNCTION = YES;
				GCC_WARN_UNUSED_VARIABLE = YES;
				IPHONEOS_DEPLOYMENT_TARGET = 10.3;
				MTL_ENABLE_DEBUG_INFO = NO;
				SDKROOT = iphoneos;
				SWIFT_OPTIMIZATION_LEVEL = "-Owholemodule";
				TARGETED_DEVICE_FAMILY = "1,2";
				VALIDATE_PRODUCT = YES;
			};
			name = Release;
		};
		040638D91EEC87D700CADE7C /* Debug */ = {
			isa = XCBuildConfiguration;
			buildSettings = {
				ASSETCATALOG_COMPILER_APPICON_NAME = AppIcon;
				DEVELOPMENT_TEAM = VJGEDW5SA9;
				INFOPLIST_FILE = MultipleTableviewCellFirebase/Info.plist;
				LD_RUNPATH_SEARCH_PATHS = "$(inherited) @executable_path/Frameworks";
				PRODUCT_BUNDLE_IDENTIFIER = com.sunnylee945.MultipleTableviewCellFirebase;
				PRODUCT_NAME = "$(TARGET_NAME)";
				SWIFT_VERSION = 3.0;
			};
			name = Debug;
		};
		040638DA1EEC87D700CADE7C /* Release */ = {
			isa = XCBuildConfiguration;
			buildSettings = {
				ASSETCATALOG_COMPILER_APPICON_NAME = AppIcon;
				DEVELOPMENT_TEAM = VJGEDW5SA9;
				INFOPLIST_FILE = MultipleTableviewCellFirebase/Info.plist;
				LD_RUNPATH_SEARCH_PATHS = "$(inherited) @executable_path/Frameworks";
				PRODUCT_BUNDLE_IDENTIFIER = com.sunnylee945.MultipleTableviewCellFirebase;
				PRODUCT_NAME = "$(TARGET_NAME)";
				SWIFT_VERSION = 3.0;
			};
			name = Release;
		};
/* End XCBuildConfiguration section */

/* Begin XCConfigurationList section */
		040638C11EEC87D700CADE7C /* Build configuration list for PBXProject "MultipleTableviewCellFirebase" */ = {
			isa = XCConfigurationList;
			buildConfigurations = (
				040638D61EEC87D700CADE7C /* Debug */,
				040638D71EEC87D700CADE7C /* Release */,
			);
			defaultConfigurationIsVisible = 0;
			defaultConfigurationName = Release;
		};
		040638D81EEC87D700CADE7C /* Build configuration list for PBXNativeTarget "MultipleTableviewCellFirebase" */ = {
			isa = XCConfigurationList;
			buildConfigurations = (
				040638D91EEC87D700CADE7C /* Debug */,
				040638DA1EEC87D700CADE7C /* Release */,
			);
			defaultConfigurationIsVisible = 0;
		};
/* End XCConfigurationList section */
	};
	rootObject = 040638BE1EEC87D700CADE7C /* Project object */;
}
